
Microsoft Visual Studio Solution File, Format Version 12.00
# Visual Studio 14
VisualStudioVersion = 14.0.25420.1
MinimumVisualStudioVersion = 10.0.40219.1
Project("{FAE04EC0-301F-11D3-BF4B-00C04F79EFBC}") = "DynamicCall", "DynamicCall\DynamicCall.csproj", "{4905B64A-C0CE-4D0C-8278-53DD493DD823}"
EndProject
Project("{FAE04EC0-301F-11D3-BF4B-00C04F79EFBC}") = "DynamicCall.Tests", "DynamicCall.Test\DynamicCall.Tests.csproj", "{5CD2F557-72E3-4DC7-801A-08B0C7388EF8}"
EndProject
Project("{FAE04EC0-301F-11D3-BF4B-00C04F79EFBC}") = "DynamicCall.Serializer.NewtonsoftJson", "DynamicCall.Serializer.NewtonsoftJson\DynamicCall.Serializer.NewtonsoftJson.csproj", "{CBB60D66-476D-43E3-A6E8-7DD8EAE29176}"
EndProject
Global
	GlobalSection(SolutionConfigurationPlatforms) = preSolution
		Debug|Any CPU = Debug|Any CPU
		Release|Any CPU = Release|Any CPU
	EndGlobalSection
	GlobalSection(ProjectConfigurationPlatforms) = postSolution
		{4905B64A-C0CE-4D0C-8278-53DD493DD823}.Debug|Any CPU.ActiveCfg = Debug|Any CPU
		{4905B64A-C0CE-4D0C-8278-53DD493DD823}.Debug|Any CPU.Build.0 = Debug|Any CPU
		{4905B64A-C0CE-4D0C-8278-53DD493DD823}.Release|Any CPU.ActiveCfg = Release|Any CPU
		{4905B64A-C0CE-4D0C-8278-53DD493DD823}.Release|Any CPU.Build.0 = Release|Any CPU
		{5CD2F557-72E3-4DC7-801A-08B0C7388EF8}.Debug|Any CPU.ActiveCfg = Debug|Any CPU
		{5CD2F557-72E3-4DC7-801A-08B0C7388EF8}.Debug|Any CPU.Build.0 = Debug|Any CPU
		{5CD2F557-72E3-4DC7-801A-08B0C7388EF8}.Release|Any CPU.ActiveCfg = Release|Any CPU
		{5CD2F557-72E3-4DC7-801A-08B0C7388EF8}.Release|Any CPU.Build.0 = Release|Any CPU
		{CBB60D66-476D-43E3-A6E8-7DD8EAE29176}.Debug|Any CPU.ActiveCfg = Debug|Any CPU
		{CBB60D66-476D-43E3-A6E8-7DD8EAE29176}.Debug|Any CPU.Build.0 = Debug|Any CPU
		{CBB60D66-476D-43E3-A6E8-7DD8EAE29176}.Release|Any CPU.ActiveCfg = Release|Any CPU
		{CBB60D66-476D-43E3-A6E8-7DD8EAE29176}.Release|Any CPU.Build.0 = Release|Any CPU
	EndGlobalSection
	GlobalSection(SolutionProperties) = preSolution
		HideSolutionNode = FALSE
	EndGlobalSection
EndGlobal
